
Microsoft Visual Studio Solution File, Format Version 12.00
# Visual Studio 14
VisualStudioVersion = 14.0.25123.0
MinimumVisualStudioVersion = 10.0.40219.1
Project("{2150E333-8FDC-42A3-9474-1A3956D46DE8}") = "src", "src", "{9958B8CC-934B-4057-B198-F89EC80B0FD6}"
EndProject
Project("{2150E333-8FDC-42A3-9474-1A3956D46DE8}") = "Solution Items", "Solution Items", "{02728312-1528-4DAE-8BF3-2FFF8B990B0E}"
	ProjectSection(SolutionItems) = preProject
		global.json = global.json
	EndProjectSection
EndProject
Project("{8BB2217D-0F2D-49D1-97BC-3654ED321F3B}") = "PeopleTracker.Web", "src\PeopleTracker.Web\PeopleTracker.Web.xproj", "{5BA97F9D-E8D8-406E-A2B4-4A5BF26F40B5}"
EndProject
Global
	GlobalSection(SolutionConfigurationPlatforms) = preSolution
		Debug|Any CPU = Debug|Any CPU
		Release|Any CPU = Release|Any CPU
	EndGlobalSection
	GlobalSection(ProjectConfigurationPlatforms) = postSolution
		{5BA97F9D-E8D8-406E-A2B4-4A5BF26F40B5}.Debug|Any CPU.ActiveCfg = Debug|Any CPU
		{5BA97F9D-E8D8-406E-A2B4-4A5BF26F40B5}.Debug|Any CPU.Build.0 = Debug|Any CPU
		{5BA97F9D-E8D8-406E-A2B4-4A5BF26F40B5}.Release|Any CPU.ActiveCfg = Release|Any CPU
		{5BA97F9D-E8D8-406E-A2B4-4A5BF26F40B5}.Release|Any CPU.Build.0 = Release|Any CPU
	EndGlobalSection
	GlobalSection(SolutionProperties) = preSolution
		HideSolutionNode = FALSE
	EndGlobalSection
	GlobalSection(NestedProjects) = preSolution
		{5BA97F9D-E8D8-406E-A2B4-4A5BF26F40B5} = {9958B8CC-934B-4057-B198-F89EC80B0FD6}
	EndGlobalSection
EndGlobal
